
Microsoft Visual Studio Solution File, Format Version 12.00
# Visual Studio Version 17
VisualStudioVersion = 17.2.32519.379
MinimumVisualStudioVersion = 10.0.40219.1
Project("{FAE04EC0-301F-11D3-BF4B-00C04F79EFBC}") = "Tracer.Core", "Tracer.Core\Tracer.Core.csproj", "{5C40209D-507C-4E10-931E-DE1BE31F80D2}"
EndProject
Project("{FAE04EC0-301F-11D3-BF4B-00C04F79EFBC}") = "Tracer.Example", "Tracer.Example\Tracer.Example.csproj", "{6C4027B1-7C6F-47C8-BA38-AF9CEDC15326}"
EndProject
Project("{FAE04EC0-301F-11D3-BF4B-00C04F79EFBC}") = "Tracer.Serialization", "Tracer.Serialization\Tracer.Serialization.csproj", "{297C48CE-DDAC-4819-A250-DE9D9EC77E8D}"
EndProject
Project("{FAE04EC0-301F-11D3-BF4B-00C04F79EFBC}") = "Tracer.Tests", "Tracer.Tests\Tracer.Tests.csproj", "{CADDF324-5157-48E1-A729-658AAA0326CA}"
EndProject
Global
	GlobalSection(SolutionConfigurationPlatforms) = preSolution
		Debug|Any CPU = Debug|Any CPU
		Release|Any CPU = Release|Any CPU
	EndGlobalSection
	GlobalSection(ProjectConfigurationPlatforms) = postSolution
		{5C40209D-507C-4E10-931E-DE1BE31F80D2}.Debug|Any CPU.ActiveCfg = Debug|Any CPU
		{5C40209D-507C-4E10-931E-DE1BE31F80D2}.Debug|Any CPU.Build.0 = Debug|Any CPU
		{5C40209D-507C-4E10-931E-DE1BE31F80D2}.Release|Any CPU.ActiveCfg = Release|Any CPU
		{5C40209D-507C-4E10-931E-DE1BE31F80D2}.Release|Any CPU.Build.0 = Release|Any CPU
		{6C4027B1-7C6F-47C8-BA38-AF9CEDC15326}.Debug|Any CPU.ActiveCfg = Debug|Any CPU
		{6C4027B1-7C6F-47C8-BA38-AF9CEDC15326}.Debug|Any CPU.Build.0 = Debug|Any CPU
		{6C4027B1-7C6F-47C8-BA38-AF9CEDC15326}.Release|Any CPU.ActiveCfg = Release|Any CPU
		{6C4027B1-7C6F-47C8-BA38-AF9CEDC15326}.Release|Any CPU.Build.0 = Release|Any CPU
		{297C48CE-DDAC-4819-A250-DE9D9EC77E8D}.Debug|Any CPU.ActiveCfg = Debug|Any CPU
		{297C48CE-DDAC-4819-A250-DE9D9EC77E8D}.Debug|Any CPU.Build.0 = Debug|Any CPU
		{297C48CE-DDAC-4819-A250-DE9D9EC77E8D}.Release|Any CPU.ActiveCfg = Release|Any CPU
		{297C48CE-DDAC-4819-A250-DE9D9EC77E8D}.Release|Any CPU.Build.0 = Release|Any CPU
		{CADDF324-5157-48E1-A729-658AAA0326CA}.Debug|Any CPU.ActiveCfg = Debug|Any CPU
		{CADDF324-5157-48E1-A729-658AAA0326CA}.Debug|Any CPU.Build.0 = Debug|Any CPU
		{CADDF324-5157-48E1-A729-658AAA0326CA}.Release|Any CPU.ActiveCfg = Release|Any CPU
		{CADDF324-5157-48E1-A729-658AAA0326CA}.Release|Any CPU.Build.0 = Release|Any CPU
	EndGlobalSection
	GlobalSection(SolutionProperties) = preSolution
		HideSolutionNode = FALSE
	EndGlobalSection
	GlobalSection(ExtensibilityGlobals) = postSolution
		SolutionGuid = {666424DA-0316-469D-8504-815AD6EF7328}
	EndGlobalSection
EndGlobal
